
Microsoft Visual Studio Solution File, Format Version 12.00
# Visual Studio Version 17
VisualStudioVersion = 17.5.33424.131
MinimumVisualStudioVersion = 10.0.40219.1
Project("{2150E333-8FDC-42A3-9474-1A3956D46DE8}") = "FrontEnd", "FrontEnd", "{BADD8591-E99B-42D5-BC0B-92AFA2F456FE}"
EndProject
Project("{2150E333-8FDC-42A3-9474-1A3956D46DE8}") = "Services", "Services", "{CD27F870-774D-4078-8ECA-31D894A43905}"
EndProject
Project("{9A19103F-16F7-4668-BE54-9A1E7A4F7556}") = "Restaurant.Web", "Restaurant.Web\Restaurant.Web.csproj", "{1F4A1826-A6FE-4470-856B-7723BD6D5E14}"
EndProject
Project("{9A19103F-16F7-4668-BE54-9A1E7A4F7556}") = "Restaurant.Services.ProductAPI", "Restaurant.Services.ProductAPI\Restaurant.Services.ProductAPI.csproj", "{D9A86D92-FB08-4CB9-B72C-ACE61AC6E233}"
EndProject
Project("{9A19103F-16F7-4668-BE54-9A1E7A4F7556}") = "Restaurant.Services.Identity", "Restaurant.Services.Identity\Restaurant.Services.Identity.csproj", "{2FB3F722-16B5-4A37-9FD3-E68DFE4EE8D6}"
EndProject
Project("{9A19103F-16F7-4668-BE54-9A1E7A4F7556}") = "Restaurant.Services.ShoppingCartAPI", "Restaurant.Services.ShoppingCartAPI\Restaurant.Services.ShoppingCartAPI.csproj", "{F9C48E99-855A-445B-980F-0897690339B6}"
EndProject
Project("{9A19103F-16F7-4668-BE54-9A1E7A4F7556}") = "Restaurant.Services.CouponAPI", "Restaurant.Services.CouponAPI\Restaurant.Services.CouponAPI.csproj", "{6D6A6E0F-5B68-4339-AAE7-74FA498EA94F}"
EndProject
Project("{2150E333-8FDC-42A3-9474-1A3956D46DE8}") = "Integration", "Integration", "{023606B2-353C-48C6-B7AE-3FC8EF0522B6}"
EndProject
Project("{9A19103F-16F7-4668-BE54-9A1E7A4F7556}") = "Restaurant.MessageBus", "Restaurant.MessageBus\Restaurant.MessageBus.csproj", "{67973D8A-205A-4149-9E51-74E92917DAAD}"
EndProject
Project("{2150E333-8FDC-42A3-9474-1A3956D46DE8}") = "Payments", "Payments", "{A49D0C39-4A61-44C4-9AB6-A7CCE4B403A3}"
EndProject
Project("{9A19103F-16F7-4668-BE54-9A1E7A4F7556}") = "PaymentProcessor", "PaymentProcessor\PaymentProcessor.csproj", "{2C9983AF-A738-47B9-B87C-355D6F767AB0}"
EndProject
Project("{9A19103F-16F7-4668-BE54-9A1E7A4F7556}") = "Restaurant.Services.OrderAPI", "Restaurant.Services.OrderAPI\Restaurant.Services.OrderAPI.csproj", "{264549A9-4250-499B-8693-0B780F3FC457}"
EndProject
Global
	GlobalSection(SolutionConfigurationPlatforms) = preSolution
		Debug|Any CPU = Debug|Any CPU
		Release|Any CPU = Release|Any CPU
	EndGlobalSection
	GlobalSection(ProjectConfigurationPlatforms) = postSolution
		{1F4A1826-A6FE-4470-856B-7723BD6D5E14}.Debug|Any CPU.ActiveCfg = Debug|Any CPU
		{1F4A1826-A6FE-4470-856B-7723BD6D5E14}.Debug|Any CPU.Build.0 = Debug|Any CPU
		{1F4A1826-A6FE-4470-856B-7723BD6D5E14}.Release|Any CPU.ActiveCfg = Release|Any CPU
		{1F4A1826-A6FE-4470-856B-7723BD6D5E14}.Release|Any CPU.Build.0 = Release|Any CPU
		{D9A86D92-FB08-4CB9-B72C-ACE61AC6E233}.Debug|Any CPU.ActiveCfg = Debug|Any CPU
		{D9A86D92-FB08-4CB9-B72C-ACE61AC6E233}.Debug|Any CPU.Build.0 = Debug|Any CPU
		{D9A86D92-FB08-4CB9-B72C-ACE61AC6E233}.Release|Any CPU.ActiveCfg = Release|Any CPU
		{D9A86D92-FB08-4CB9-B72C-ACE61AC6E233}.Release|Any CPU.Build.0 = Release|Any CPU
		{2FB3F722-16B5-4A37-9FD3-E68DFE4EE8D6}.Debug|Any CPU.ActiveCfg = Debug|Any CPU
		{2FB3F722-16B5-4A37-9FD3-E68DFE4EE8D6}.Debug|Any CPU.Build.0 = Debug|Any CPU
		{2FB3F722-16B5-4A37-9FD3-E68DFE4EE8D6}.Release|Any CPU.ActiveCfg = Release|Any CPU
		{2FB3F722-16B5-4A37-9FD3-E68DFE4EE8D6}.Release|Any CPU.Build.0 = Release|Any CPU
		{F9C48E99-855A-445B-980F-0897690339B6}.Debug|Any CPU.ActiveCfg = Debug|Any CPU
		{F9C48E99-855A-445B-980F-0897690339B6}.Debug|Any CPU.Build.0 = Debug|Any CPU
		{F9C48E99-855A-445B-980F-0897690339B6}.Release|Any CPU.ActiveCfg = Release|Any CPU
		{F9C48E99-855A-445B-980F-0897690339B6}.Release|Any CPU.Build.0 = Release|Any CPU
		{6D6A6E0F-5B68-4339-AAE7-74FA498EA94F}.Debug|Any CPU.ActiveCfg = Debug|Any CPU
		{6D6A6E0F-5B68-4339-AAE7-74FA498EA94F}.Debug|Any CPU.Build.0 = Debug|Any CPU
		{6D6A6E0F-5B68-4339-AAE7-74FA498EA94F}.Release|Any CPU.ActiveCfg = Release|Any CPU
		{6D6A6E0F-5B68-4339-AAE7-74FA498EA94F}.Release|Any CPU.Build.0 = Release|Any CPU
		{67973D8A-205A-4149-9E51-74E92917DAAD}.Debug|Any CPU.ActiveCfg = Debug|Any CPU
		{67973D8A-205A-4149-9E51-74E92917DAAD}.Debug|Any CPU.Build.0 = Debug|Any CPU
		{67973D8A-205A-4149-9E51-74E92917DAAD}.Release|Any CPU.ActiveCfg = Release|Any CPU
		{67973D8A-205A-4149-9E51-74E92917DAAD}.Release|Any CPU.Build.0 = Release|Any CPU
		{2C9983AF-A738-47B9-B87C-355D6F767AB0}.Debug|Any CPU.ActiveCfg = Debug|Any CPU
		{2C9983AF-A738-47B9-B87C-355D6F767AB0}.Debug|Any CPU.Build.0 = Debug|Any CPU
		{2C9983AF-A738-47B9-B87C-355D6F767AB0}.Release|Any CPU.ActiveCfg = Release|Any CPU
		{2C9983AF-A738-47B9-B87C-355D6F767AB0}.Release|Any CPU.Build.0 = Release|Any CPU
		{264549A9-4250-499B-8693-0B780F3FC457}.Debug|Any CPU.ActiveCfg = Debug|Any CPU
		{264549A9-4250-499B-8693-0B780F3FC457}.Debug|Any CPU.Build.0 = Debug|Any CPU
		{264549A9-4250-499B-8693-0B780F3FC457}.Release|Any CPU.ActiveCfg = Release|Any CPU
		{264549A9-4250-499B-8693-0B780F3FC457}.Release|Any CPU.Build.0 = Release|Any CPU
	EndGlobalSection
	GlobalSection(SolutionProperties) = preSolution
		HideSolutionNode = FALSE
	EndGlobalSection
	GlobalSection(NestedProjects) = preSolution
		{1F4A1826-A6FE-4470-856B-7723BD6D5E14} = {BADD8591-E99B-42D5-BC0B-92AFA2F456FE}
		{D9A86D92-FB08-4CB9-B72C-ACE61AC6E233} = {CD27F870-774D-4078-8ECA-31D894A43905}
		{2FB3F722-16B5-4A37-9FD3-E68DFE4EE8D6} = {CD27F870-774D-4078-8ECA-31D894A43905}
		{F9C48E99-855A-445B-980F-0897690339B6} = {CD27F870-774D-4078-8ECA-31D894A43905}
		{6D6A6E0F-5B68-4339-AAE7-74FA498EA94F} = {CD27F870-774D-4078-8ECA-31D894A43905}
		{67973D8A-205A-4149-9E51-74E92917DAAD} = {023606B2-353C-48C6-B7AE-3FC8EF0522B6}
		{2C9983AF-A738-47B9-B87C-355D6F767AB0} = {A49D0C39-4A61-44C4-9AB6-A7CCE4B403A3}
		{264549A9-4250-499B-8693-0B780F3FC457} = {CD27F870-774D-4078-8ECA-31D894A43905}
	EndGlobalSection
	GlobalSection(ExtensibilityGlobals) = postSolution
		SolutionGuid = {DEE18158-305E-4C70-91DB-9F9E1B487E82}
	EndGlobalSection
EndGlobal
